
Microsoft Visual Studio Solution File, Format Version 12.00
# Visual Studio Version 17
VisualStudioVersion = 17.10.34928.147
MinimumVisualStudioVersion = 10.0.40219.1
Project("{FAE04EC0-301F-11D3-BF4B-00C04F79EFBC}") = "Eco_life", "Eco_life\Eco_life.csproj", "{4349FDF2-4B3A-4DEB-ACEB-5BF59A51DD10}"
EndProject
Global
	GlobalSection(SolutionConfigurationPlatforms) = preSolution
		Debug|Any CPU = Debug|Any CPU
		Release|Any CPU = Release|Any CPU
	EndGlobalSection
	GlobalSection(ProjectConfigurationPlatforms) = postSolution
		{4349FDF2-4B3A-4DEB-ACEB-5BF59A51DD10}.Debug|Any CPU.ActiveCfg = Debug|Any CPU
		{4349FDF2-4B3A-4DEB-ACEB-5BF59A51DD10}.Debug|Any CPU.Build.0 = Debug|Any CPU
		{4349FDF2-4B3A-4DEB-ACEB-5BF59A51DD10}.Release|Any CPU.ActiveCfg = Release|Any CPU
		{4349FDF2-4B3A-4DEB-ACEB-5BF59A51DD10}.Release|Any CPU.Build.0 = Release|Any CPU
	EndGlobalSection
	GlobalSection(SolutionProperties) = preSolution
		HideSolutionNode = FALSE
	EndGlobalSection
	GlobalSection(ExtensibilityGlobals) = postSolution
		SolutionGuid = {755A0C41-FFFC-4985-8006-2563DE7D8BAE}
	EndGlobalSection
EndGlobal
